
Microsoft Visual Studio Solution File, Format Version 12.00
# Visual Studio 17
VisualStudioVersion = 15.0.28010.2026
MinimumVisualStudioVersion = 10.0.40219.1
Project("{FAE04EC0-301F-11D3-BF4B-00C04F79EFBC}") = "web", "web\web.csproj", "{FE91607A-BAE9-4F8C-AB0B-302689E82200}"
EndProject
Global
	GlobalSection(SolutionConfigurationPlatforms) = preSolution
		Debug|Any CPU = Debug|Any CPU
		Release|Any CPU = Release|Any CPU
	EndGlobalSection
	GlobalSection(ProjectConfigurationPlatforms) = postSolution
		{FE91607A-BAE9-4F8C-AB0B-302689E82200}.Debug|Any CPU.ActiveCfg = Debug|Any CPU
		{FE91607A-BAE9-4F8C-AB0B-302689E82200}.Debug|Any CPU.Build.0 = Debug|Any CPU
		{FE91607A-BAE9-4F8C-AB0B-302689E82200}.Release|Any CPU.ActiveCfg = Release|Any CPU
		{FE91607A-BAE9-4F8C-AB0B-302689E82200}.Release|Any CPU.Build.0 = Release|Any CPU
	EndGlobalSection
	GlobalSection(SolutionProperties) = preSolution
		HideSolutionNode = FALSE
	EndGlobalSection
	GlobalSection(ExtensibilityGlobals) = postSolution
		SolutionGuid = {EBDBDC8F-5ED3-430A-9B49-02ECDEFAA78C}
	EndGlobalSection
EndGlobal
